{
    "_meta": {
        "hash": {
            "sha256": "3af7a577f760683c030ad0ba4eec508666bbbc366790d851b6fd61d4c7cddf03"
        },
        "pipfile-spec": 6,
        "requires": {
            "python_version": "3.7.1"
        },
        "sources": [
            {
                "name": "pypi",
                "url": "https://pypi.org/simple",
                "verify_ssl": true
            }
        ]
    },
    "default": {
        "click": {
            "hashes": [
                "sha256:2335065e6395b9e67ca716de5f7526736bfa6ceead690adf616d925bdc622b13",
                "sha256:5b94b49521f6456670fdb30cd82a4eca9412788a93fa6dd6df72c94d5a8ff2d7"
            ],
            "index": "pypi",
            "version": "==7.0"
        },
        "mimesis": {
            "hashes": [
                "sha256:2a17aa98cc8aff2c0b1828312e213a515030ed57a1c7b61fc07a87150cb0f25f",
                "sha256:4b856023acdaaefe2e10bbfea9fd4cb6fa9adbbbe9618a8f796aa8887b58e6f2"
            ],
            "index": "pypi",
            "version": "==2.1.0"
        },
        "python-dotenv": {
            "hashes": [
                "sha256:122290a38ece9fe4f162dc7c95cae3357b983505830a154d3c98ef7f6c6cea77",
                "sha256:4a205787bc829233de2a823aa328e44fd9996fedb954989a21f1fc67c13d7a77"
            ],
            "index": "pypi",
            "version": "==0.9.1"
        },
        "sqlalchemy": {
            "hashes": [
                "sha256:9de7c7dabcf06319becdb7e15099c44e5e34ba7062f9ba10bc00e562f5db3d04"
            ],
            "index": "pypi",
            "version": "==1.2.14"
        }
    },
    "develop": {
        "mimesis": {
            "hashes": [
                "sha256:2a17aa98cc8aff2c0b1828312e213a515030ed57a1c7b61fc07a87150cb0f25f",
                "sha256:4b856023acdaaefe2e10bbfea9fd4cb6fa9adbbbe9618a8f796aa8887b58e6f2"
            ],
            "index": "pypi",
            "version": "==2.1.0"
        }
    }
}
